# This file is automatically @generated by Cargo.
# It is not intended for manual editing.
version = 3

[[package]]
name = "annex-capture"
version = "0.1.0"
dependencies = [
 "annex-core",
]

[[package]]
name = "annex-client"
version = "0.1.0"
dependencies = [
 "annex-core",
 "annex-transport",
]

[[package]]
name = "annex-core"
version = "0.1.0"

[[package]]
name = "annex-encoder"
version = "0.1.0"
dependencies = [
 "annex-capture",
 "annex-core",
]

[[package]]
name = "annex-host"
version = "0.1.0"
dependencies = [
 "annex-capture",
 "annex-core",
 "annex-encoder",
 "annex-input",
 "annex-transport",
 "annex-virtual-display",
]

[[package]]
name = "annex-input"
version = "0.1.0"
dependencies = [
 "annex-core",
]

[[package]]
name = "annex-transport"
version = "0.1.0"
dependencies = [
 "annex-core",
]

[[package]]
name = "annex-virtual-display"
version = "0.1.0"
dependencies = [
 "annex-core",
]
